{
  "name": "naropos",
  "version": "1.0.0",
  "lockfileVersion": 1,
  "requires": true,
  "dependencies": {
    "@angular/animations": {
      "version": "4.3.0",
      "resolved": "https://registry.npmjs.org/@angular/animations/-/animations-4.3.0.tgz",
      "integrity": "sha1-VvNLhGSTeSAqw1mSm4LrC5FenHI="
    },
    "@angular/cli": {
      "version": "1.2.1",
      "resolved": "https://registry.npmjs.org/@angular/cli/-/cli-1.2.1.tgz",
      "integrity": "sha512-Y3AqcyvWcy9c4KuQAKHzXp2oO51bNY3o/90wfpcwct3Bt4znDMXuoQdgf+VhffcbIgc/b2yyPlOatXLRJ7531A==",
      "dev": true,
      "dependencies": {
        "diff": {
          "version": "3.3.0",
          "resolved": "https://registry.npmjs.org/diff/-/diff-3.3.0.tgz",
          "integrity": "sha512-w0XZubFWn0Adlsapj9EAWX0FqWdO4tz8kc3RiYdWLh4k/V8PTb6i0SMgXt0vRM3zyKnT8tKO7mUlieRQHIjMNg=="
        },
        "nopt": {
          "version": "4.0.1",
          "resolved": "https://registry.npmjs.org/nopt/-/nopt-4.0.1.tgz",
          "integrity": "sha1-0NRoWv1UFRk8jHUFYC0NF81kR00="
        },
        "zone.js": {
          "version": "0.8.13",
          "resolved": "https://registry.npmjs.org/zone.js/-/zone.js-0.8.13.tgz",
          "integrity": "sha1-8IIlJfrZQVgqA7v+ceshdAMV3dA="
        }
      }
    },
    "@angular/common": {
      "version": "4.3.0",
      "resolved": "https://registry.npmjs.org/@angular/common/-/common-4.3.0.tgz",
      "integrity": "sha1-E6VKaSndUvlymxauRG+tWP4WMFM="
    },
    "@angular/compiler": {
      "version": "4.3.0",
      "resolved": "https://registry.npmjs.org/@angular/compiler/-/compiler-4.3.0.tgz",
      "integrity": "sha1-VVA78nofBi9xuUlTk/MxGQOo/EM="
    },
    "@angular/compiler-cli": {
      "version": "4.3.0",
      "resolved": "https://registry.npmjs.org/@angular/compiler-cli/-/compiler-cli-4.3.0.tgz",
      "integrity": "sha1-83WAlzD16IPP4hGumRIQ8csanx4=",
      "dev": true,
      "dependencies": {
        "@angular/tsc-wrapped": {
          "version": "4.3.0",
          "resolved": "https://registry.npmjs.org/@angular/tsc-wrapped/-/tsc-wrapped-4.3.0.tgz",
          "integrity": "sha1-/i5TdrbirRsTnt3iOp27QpnfYmQ="
        },
        "tsickle": {
          "version": "0.21.6",
          "resolved": "https://registry.npmjs.org/tsickle/-/tsickle-0.21.6.tgz",
          "integrity": "sha1-U7Abl5xcE/2xOvs/uVgXflmRWI0="
        }
      }
    },
    "@angular/core": {
      "version": "11.0.5",
      "resolved": "https://registry.npmjs.org/@angular/core/-/core-11.0.5.tgz",
      "integrity": "sha512-XAXWQi7R3ucZXQwx9QK5jSKJeQyRJ53u2dQDpr7R5stzeCy1a5hrNOkZLg9zOTTPcth/6+FrOrRZP9SMdxtw3w==",
      "requires": {
        "tslib": "^2.0.0"
      },
      "dependencies": {
        "tslib": {
          "version": "2.4.0",
          "resolved": "https://registry.npmjs.org/tslib/-/tslib-2.4.0.tgz",
          "integrity": "sha512-d6xOpEDfsi2CZVlPQzGeux8XMwLT9hssAsaPYExaQMuYskwb+x1x7J371tWlbBdWHroy99KnVB6qIkUbs5X3UQ=="
        }
      }
    },
    "@angular/forms": {
      "version": "4.3.0",
      "resolved": "https://registry.npmjs.org/@angular/forms/-/forms-4.3.0.tgz",
      "integrity": "sha1-fQx6hUc36aMKX9lmX41PVqG5G9g="
    },
    "@angular/http": {
      "version": "4.3.0",
      "resolved": "https://registry.npmjs.org/@angular/http/-/http-4.3.0.tgz",
      "integrity": "sha1-37czEKhApq2AUKxR8OVcSYTbCSY="
    },
    "@angular/platform-browser": {
      "version": "4.3.0",
      "resolved": "https://registry.npmjs.org/@angular/platform-browser/-/platform-browser-4.3.0.tgz",
      "integrity": "sha1-AjiUiRhRhcO+zwY1k0YQDlR5x+E="
    },
    "@angular/platform-browser-dynamic": {
      "version": "4.3.0",
      "resolved": "https://registry.npmjs.org/@angular/platform-browser-dynamic/-/platform-browser-dynamic-4.3.0.tgz",
      "integrity": "sha1-VR+xiFGyfujz5LDuJarRC9ezEuM="
    },
    "@angular/platform-server": {
      "version": "4.3.0",
      "resolved": "https://registry.npmjs.org/@angular/platform-server/-/platform-server-4.3.0.tgz",
      "integrity": "sha1-U4f8hI0KdWV8Xtm3DhpX8FT7Jw8="
    },
    "@angular/router": {
      "version": "4.3.0",
      "resolved": "https://registry.npmjs.org/@angular/router/-/router-4.3.0.tgz",
      "integrity": "sha1-cbQo8YXrkWGh3hTcGUkhndzf/a4="
    },
    "@types/jasmine": {
      "version": "2.5.38",
      "resolved": "https://registry.npmjs.org/@types/jasmine/-/jasmine-2.5.38.tgz",
      "integrity": "sha1-pDeRJMSSHU4h3lTsdGacnps1Zxc=",
      "dev": true
    },
    "@types/node": {
      "version": "6.0.80",
      "resolved": "https://registry.npmjs.org/@types/node/-/node-6.0.80.tgz",
      "integrity": "sha512-FJedmtuVj9Jb2AbI3cKYlAczj+3Lv3I8g2wjricLSRBCW0Oj7kzG4D6gUmgDc2Ptm0A1lat2AuheqK5kdYfswg==",
      "dev": true
    },
    "angular-confirmation-popover": {
      "version": "3.1.1",
      "resolved": "https://registry.npmjs.org/angular-confirmation-popover/-/angular-confirmation-popover-3.1.1.tgz",
      "integrity": "sha512-WsE+VG+97rEFnMv5PKHV+oxg7iZRknTid1oeFXkgiu91Wvt+RPbt+wOz5D3mX7VOChX5NK3gRIN0JZbJn3tgug=="
    },
    "angular2-busy": {
      "version": "2.0.4",
      "resolved": "https://registry.npmjs.org/angular2-busy/-/angular2-busy-2.0.4.tgz",
      "integrity": "sha1-guSx+7yvl7z6wJ0jdInP6ejEufM="
    },
    "bootstrap": {
      "version": "3.3.7",
      "resolved": "https://registry.npmjs.org/bootstrap/-/bootstrap-3.3.7.tgz",
      "integrity": "sha1-WjiTlFSfIzMIdaOxUGVldPip63E="
    },
    "codelyzer": {
      "version": "2.0.1",
      "resolved": "https://registry.npmjs.org/codelyzer/-/codelyzer-2.0.1.tgz",
      "integrity": "sha1-0PcSH2eoQkyS0h07MfNkC4Pe+e0=",
      "dev": true
    },
    "core-js": {
      "version": "2.4.1",
      "resolved": "https://registry.npmjs.org/core-js/-/core-js-2.4.1.tgz",
      "integrity": "sha1-TekR5mew6ukSTjQlS1OupvxhjT4="
    },
    "jasmine-core": {
      "version": "2.5.2",
      "resolved": "https://registry.npmjs.org/jasmine-core/-/jasmine-core-2.5.2.tgz",
      "integrity": "sha1-b2G9eQYeJ/Q+b5NV5Es8bKtv8pc=",
      "dev": true
    },
    "jasmine-spec-reporter": {
      "version": "2.5.0",
      "resolved": "https://registry.npmjs.org/jasmine-spec-reporter/-/jasmine-spec-reporter-2.5.0.tgz",
      "integrity": "sha1-EuR4LmRFwN+ruN70xS7dMPY2LUI=",
      "dev": true
    },
    "jquery": {
      "version": "3.2.1",
      "resolved": "https://registry.npmjs.org/jquery/-/jquery-3.2.1.tgz",
      "integrity": "sha1-XE2d5lKvbNCncBVKYxu6ErAVx4c="
    },
    "karma": {
      "version": "1.2.0",
      "resolved": "https://registry.npmjs.org/karma/-/karma-1.2.0.tgz",
      "integrity": "sha1-bcqJ7CX0dT8SD4NMiTmAmAQP1j4=",
      "dev": true,
      "dependencies": {
        "isbinaryfile": {
          "version": "3.0.2",
          "resolved": "https://registry.npmjs.org/isbinaryfile/-/isbinaryfile-3.0.2.tgz",
          "integrity": "sha1-Sj6XTsDLqQBNP8bN5yCeppNopiE="
        },
        "lodash": {
          "version": "3.10.1",
          "resolved": "https://registry.npmjs.org/lodash/-/lodash-3.10.1.tgz",
          "integrity": "sha1-W/Rejkm6QYnhfUgnid/RW9FAt7Y="
        }
      }
    },
    "karma-chrome-launcher": {
      "version": "2.2.0",
      "resolved": "https://registry.npmjs.org/karma-chrome-launcher/-/karma-chrome-launcher-2.2.0.tgz",
      "integrity": "sha512-uf/ZVpAabDBPvdPdveyk1EPgbnloPvFFGgmRhYLTDH7gEB4nZdSBk8yTU47w1g/drLSx5uMOkjKk7IWKfWg/+w==",
      "dev": true
    },
    "karma-cli": {
      "version": "1.0.1",
      "resolved": "https://registry.npmjs.org/karma-cli/-/karma-cli-1.0.1.tgz",
      "integrity": "sha1-rmw8WKMTodALRRZMRVubhs4X+WA=",
      "dev": true
    },
    "karma-jasmine": {
      "version": "1.1.0",
      "resolved": "https://registry.npmjs.org/karma-jasmine/-/karma-jasmine-1.1.0.tgz",
      "integrity": "sha1-IuTAa/mhguUpTR9wXjczgRuBCs8=",
      "dev": true
    },
    "karma-remap-istanbul": {
      "version": "0.2.2",
      "resolved": "https://registry.npmjs.org/karma-remap-istanbul/-/karma-remap-istanbul-0.2.2.tgz",
      "integrity": "sha1-HN9shaVcayDpxxScCoxVUzA42dk=",
      "dev": true
    },
    "ng2-modal": {
      "version": "0.0.25",
      "resolved": "https://registry.npmjs.org/ng2-modal/-/ng2-modal-0.0.25.tgz",
      "integrity": "sha1-YXVfbadgF7Gw5C847so+kr1IQgY="
    },
    "ngx-bootstrap": {
      "version": "1.7.1",
      "resolved": "https://registry.npmjs.org/ngx-bootstrap/-/ngx-bootstrap-1.7.1.tgz",
      "integrity": "sha512-d7Rquh+qg0/S3an1QHfWnYNIPeo5Ek+bXCAZHSNaKXjCl0w0ofEK/kGagoE8CdcJqssiwTuboKWoMx5mWGBkBQ=="
    },
    "protractor": {
      "version": "4.0.14",
      "resolved": "https://registry.npmjs.org/protractor/-/protractor-4.0.14.tgz",
      "integrity": "sha1-78Sod/rDoYKp3e0mzVhp9HYv0XI=",
      "dev": true,
      "dependencies": {
        "q": {
          "version": "1.4.1",
          "resolved": "https://registry.npmjs.org/q/-/q-1.4.1.tgz",
          "integrity": "sha1-VXBbzZPF82c1MMLCy8DCs63cKG4="
        },
        "webdriver-manager": {
          "version": "10.3.0",
          "resolved": "https://registry.npmjs.org/webdriver-manager/-/webdriver-manager-10.3.0.tgz",
          "integrity": "sha1-mTFFiKCx2+aIxEHXQojGyxh1+os="
        }
      }
    },
    "rxjs": {
      "version": "5.4.2",
      "resolved": "https://registry.npmjs.org/rxjs/-/rxjs-5.4.2.tgz",
      "integrity": "sha1-KjI2/L8D31e64G/Wly/ZnlwI/Pc="
    },
    "save": {
      "version": "2.3.1",
      "resolved": "https://registry.npmjs.org/save/-/save-2.3.1.tgz",
      "integrity": "sha512-Ds8c5pKQFVOjRXa0mKjMDeL9tpuzcIRZH4XGzx0+v/rc2ro1gSsbSkQW1pDmlEyCjaWIzESx2kZHgAEZ3JkiKg=="
    },
    "ts-helpers": {
      "version": "1.1.2",
      "resolved": "https://registry.npmjs.org/ts-helpers/-/ts-helpers-1.1.2.tgz",
      "integrity": "sha1-/Gm+nx87rtAfsaDvjUz+dIgU2DU="
    },
    "ts-node": {
      "version": "1.2.1",
      "resolved": "https://registry.npmjs.org/ts-node/-/ts-node-1.2.1.tgz",
      "integrity": "sha1-EI8eQzZuJfUiPoVJ+nxtz3gO2iM=",
      "dev": true
    },
    "tslint": {
      "version": "4.5.1",
      "resolved": "https://registry.npmjs.org/tslint/-/tslint-4.5.1.tgz",
      "integrity": "sha1-BTVocb7yOkNJBnNABvwYgza6gks=",
      "dev": true,
      "dependencies": {
        "diff": {
          "version": "3.3.0",
          "resolved": "https://registry.npmjs.org/diff/-/diff-3.3.0.tgz",
          "integrity": "sha512-w0XZubFWn0Adlsapj9EAWX0FqWdO4tz8kc3RiYdWLh4k/V8PTb6i0SMgXt0vRM3zyKnT8tKO7mUlieRQHIjMNg=="
        }
      }
    },
    "typescript": {
      "version": "2.4.1",
      "resolved": "https://registry.npmjs.org/typescript/-/typescript-2.4.1.tgz",
      "integrity": "sha1-w8yxbdqgsjFN4DHn5v7onlujRrw=",
      "dev": true
    },
    "zone.js": {
      "version": "0.7.8",
      "resolved": "https://registry.npmjs.org/zone.js/-/zone.js-0.7.8.tgz",
      "integrity": "sha1-Tz/og01EWX8mOQU6D6Q43zT//e0="
    }
  }
}
